// !$*UTF8*$!
{
	archiveVersion = 1;
	classes = {
	};
	objectVersion = 46;
	objects = {

/* Begin PBXBuildFile section */
		8DD76F9C0486AA7600D96B5E /* Foundation.framework in Frameworks */ = {isa = PBXBuildFile; fileRef = 08FB779EFE84155DC02AAC07 /* Foundation.framework */; };
		8DD76F9F0486AA7600D96B5E /* SublerCLI.1 in CopyFiles */ = {isa = PBXBuildFile; fileRef = C6859EA3029092ED04C91782 /* SublerCLI.1 */; };
		A90C277110AF32AF00991030 /* libz.dylib in Frameworks */ = {isa = PBXBuildFile; fileRef = A90C277010AF32AF00991030 /* libz.dylib */; };
		A91F634A0FB0C70100B96B33 /* libicucore.dylib in Frameworks */ = {isa = PBXBuildFile; fileRef = A91F63490FB0C70100B96B33 /* libicucore.dylib */; };
		A92D8CCE1761EAEC0004E0C5 /* SBRatings.m in Sources */ = {isa = PBXBuildFile; fileRef = A92D8CCD1761EAEC0004E0C5 /* SBRatings.m */; };
		A92E3BEE177CC8E600E7F7BB /* Quartz.framework in Frameworks */ = {isa = PBXBuildFile; fileRef = A92E3BED177CC8E600E7F7BB /* Quartz.framework */; };
		A942AF651679197000780565 /* libjpeg.a in Frameworks */ = {isa = PBXBuildFile; fileRef = A942AF631679197000780565 /* libjpeg.a */; };
		A942AF661679197000780565 /* libtesseract.a in Frameworks */ = {isa = PBXBuildFile; fileRef = A942AF641679197000780565 /* libtesseract.a */; };
		A94871D20F7914D2008DBC94 /* QTKit.framework in Frameworks */ = {isa = PBXBuildFile; fileRef = A94871D10F7914D2008DBC94 /* QTKit.framework */; };
		A94871D70F7914E7008DBC94 /* QuickTime.framework in Frameworks */ = {isa = PBXBuildFile; fileRef = A94871D60F7914E7008DBC94 /* QuickTime.framework */; };
		A95F07C2148BA07600D663E5 /* liblept.a in Frameworks */ = {isa = PBXBuildFile; fileRef = A95F07BE148BA07600D663E5 /* liblept.a */; };
		A9726A270F7B89F0008A828C /* AudioToolbox.framework in Frameworks */ = {isa = PBXBuildFile; fileRef = A9726A260F7B89F0008A828C /* AudioToolbox.framework */; };
		A98ED3330F59E08D00885A49 /* libmp4v2.a in Frameworks */ = {isa = PBXBuildFile; fileRef = A98ED3240F59E08D00885A49 /* libmp4v2.a */; };
		A98ED3FC0F59E24A00885A49 /* libuniversaldetector.a in Frameworks */ = {isa = PBXBuildFile; fileRef = A98ED3550F59E17A00885A49 /* libuniversaldetector.a */; };
		A98ED4030F59E28300885A49 /* Cocoa.framework in Frameworks */ = {isa = PBXBuildFile; fileRef = A98ED4020F59E28300885A49 /* Cocoa.framework */; };
		A9AB487417F0B0B2000AA72E /* JSONKit.m in Sources */ = {isa = PBXBuildFile; fileRef = A9AB487317F0B0B2000AA72E /* JSONKit.m */; };
		A9AEF826167C7CAF00FDDBB3 /* AVFoundation.framework in Frameworks */ = {isa = PBXBuildFile; fileRef = A9AEF825167C7CAF00FDDBB3 /* AVFoundation.framework */; settings = {ATTRIBUTES = (Weak, ); }; };
		A9AEF828167C7CB900FDDBB3 /* CoreMedia.framework in Frameworks */ = {isa = PBXBuildFile; fileRef = A9AEF827167C7CB900FDDBB3 /* CoreMedia.framework */; settings = {ATTRIBUTES = (Weak, ); }; };
		A9AEF82A167C7CC600FDDBB3 /* CoreVideo.framework in Frameworks */ = {isa = PBXBuildFile; fileRef = A9AEF829167C7CC600FDDBB3 /* CoreVideo.framework */; };
		A9AEF82D167C7D6500FDDBB3 /* QTKitDecrap.m in Sources */ = {isa = PBXBuildFile; fileRef = A9AEF82C167C7D6500FDDBB3 /* QTKitDecrap.m */; };
		A9BAABD315D930D400A59EAB /* SBLanguages.m in Sources */ = {isa = PBXBuildFile; fileRef = A9BAABD215D930AD00A59EAB /* SBLanguages.m */; };
		A9C0605216831CBE00FE3D98 /* libbz2.dylib in Frameworks */ = {isa = PBXBuildFile; fileRef = A9C0605116831CBE00FE3D98 /* libbz2.dylib */; };
		A9D361C3180C7F2C00C6C166 /* MP42AACImporter.mm in Sources */ = {isa = PBXBuildFile; fileRef = A9D36179180C7F2C00C6C166 /* MP42AACImporter.mm */; };
		A9D361C4180C7F2C00C6C166 /* MP42AC3Importer.m in Sources */ = {isa = PBXBuildFile; fileRef = A9D3617B180C7F2C00C6C166 /* MP42AC3Importer.m */; };
		A9D361C5180C7F2C00C6C166 /* MP42AudioConverter.m in Sources */ = {isa = PBXBuildFile; fileRef = A9D3617D180C7F2C00C6C166 /* MP42AudioConverter.m */; };
		A9D361C6180C7F2C00C6C166 /* MP42AudioTrack.m in Sources */ = {isa = PBXBuildFile; fileRef = A9D3617F180C7F2C00C6C166 /* MP42AudioTrack.m */; };
		A9D361C7180C7F2C00C6C166 /* MP42AVFImporter.m in Sources */ = {isa = PBXBuildFile; fileRef = A9D36181180C7F2C00C6C166 /* MP42AVFImporter.m */; };
		A9D361C8180C7F2C00C6C166 /* MP42BitmapSubConverter.m in Sources */ = {isa = PBXBuildFile; fileRef = A9D36183180C7F2C00C6C166 /* MP42BitmapSubConverter.m */; };
		A9D361C9180C7F2C00C6C166 /* MP42CCImporter.m in Sources */ = {isa = PBXBuildFile; fileRef = A9D36185180C7F2C00C6C166 /* MP42CCImporter.m */; };
		A9D361CA180C7F2C00C6C166 /* MP42ChapterTrack.m in Sources */ = {isa = PBXBuildFile; fileRef = A9D36187180C7F2C00C6C166 /* MP42ChapterTrack.m */; };
		A9D361CB180C7F2C00C6C166 /* MP42ClosedCaptionTrack.m in Sources */ = {isa = PBXBuildFile; fileRef = A9D36189180C7F2C00C6C166 /* MP42ClosedCaptionTrack.m */; };
		A9D361CC180C7F2C00C6C166 /* MP42Fifo.m in Sources */ = {isa = PBXBuildFile; fileRef = A9D3618C180C7F2C00C6C166 /* MP42Fifo.m */; };
		A9D361CD180C7F2C00C6C166 /* MP42File.m in Sources */ = {isa = PBXBuildFile; fileRef = A9D3618E180C7F2C00C6C166 /* MP42File.m */; };
		A9D361CE180C7F2C00C6C166 /* MP42FileImporter.m in Sources */ = {isa = PBXBuildFile; fileRef = A9D36190180C7F2C00C6C166 /* MP42FileImporter.m */; };
		A9D361CF180C7F2C00C6C166 /* MP42H264Importer.mm in Sources */ = {isa = PBXBuildFile; fileRef = A9D36192180C7F2C00C6C166 /* MP42H264Importer.mm */; };
		A9D361D0180C7F2C00C6C166 /* MP42HtmlParser.m in Sources */ = {isa = PBXBuildFile; fileRef = A9D36194180C7F2C00C6C166 /* MP42HtmlParser.m */; };
		A9D361D1180C7F2C00C6C166 /* MP42Image.m in Sources */ = {isa = PBXBuildFile; fileRef = A9D36196180C7F2C00C6C166 /* MP42Image.m */; };
		A9D361D2180C7F2C00C6C166 /* MP42MediaFormat.m in Sources */ = {isa = PBXBuildFile; fileRef = A9D36198180C7F2C00C6C166 /* MP42MediaFormat.m */; };
		A9D361D3180C7F2C00C6C166 /* MP42Metadata.m in Sources */ = {isa = PBXBuildFile; fileRef = A9D3619A180C7F2C00C6C166 /* MP42Metadata.m */; };
		A9D361D4180C7F2C00C6C166 /* MP42MkvImporter.m in Sources */ = {isa = PBXBuildFile; fileRef = A9D3619C180C7F2C00C6C166 /* MP42MkvImporter.m */; };
		A9D361D5180C7F2C00C6C166 /* MP42Mp4Importer.m in Sources */ = {isa = PBXBuildFile; fileRef = A9D3619E180C7F2C00C6C166 /* MP42Mp4Importer.m */; };
		A9D361D6180C7F2C00C6C166 /* MP42Muxer.m in Sources */ = {isa = PBXBuildFile; fileRef = A9D361A0180C7F2C00C6C166 /* MP42Muxer.m */; };
		A9D361D7180C7F2C00C6C166 /* MP42OCRWrapper.mm in Sources */ = {isa = PBXBuildFile; fileRef = A9D361A2180C7F2C00C6C166 /* MP42OCRWrapper.mm */; };
		A9D361D8180C7F2C00C6C166 /* MP42QTImporter.m in Sources */ = {isa = PBXBuildFile; fileRef = A9D361A4180C7F2C00C6C166 /* MP42QTImporter.m */; };
		A9D361D9180C7F2C00C6C166 /* MP42Sample.m in Sources */ = {isa = PBXBuildFile; fileRef = A9D361A6180C7F2C00C6C166 /* MP42Sample.m */; };
		A9D361DA180C7F2C00C6C166 /* MP42SrtImporter.m in Sources */ = {isa = PBXBuildFile; fileRef = A9D361A8180C7F2C00C6C166 /* MP42SrtImporter.m */; };
		A9D361DB180C7F2C00C6C166 /* MP42SubtitleTrack.m in Sources */ = {isa = PBXBuildFile; fileRef = A9D361AA180C7F2C00C6C166 /* MP42SubtitleTrack.m */; };
		A9D361DC180C7F2C00C6C166 /* MP42SubUtilities.m in Sources */ = {isa = PBXBuildFile; fileRef = A9D361AC180C7F2C00C6C166 /* MP42SubUtilities.m */; };
		A9D361DD180C7F2C00C6C166 /* MP42Track.m in Sources */ = {isa = PBXBuildFile; fileRef = A9D361AE180C7F2C00C6C166 /* MP42Track.m */; };
		A9D361DE180C7F2C00C6C166 /* MP42Utilities.m in Sources */ = {isa = PBXBuildFile; fileRef = A9D361B0180C7F2C00C6C166 /* MP42Utilities.m */; };
		A9D361DF180C7F2C00C6C166 /* MP42VideoTrack.m in Sources */ = {isa = PBXBuildFile; fileRef = A9D361B2180C7F2C00C6C166 /* MP42VideoTrack.m */; };
		A9D361E0180C7F2C00C6C166 /* MP42VobSubImporter.m in Sources */ = {isa = PBXBuildFile; fileRef = A9D361B4180C7F2C00C6C166 /* MP42VobSubImporter.m */; };
		A9D361E1180C7F2C00C6C166 /* MP42XMLReader.m in Sources */ = {isa = PBXBuildFile; fileRef = A9D361B6180C7F2C00C6C166 /* MP42XMLReader.m */; };
		A9D361E2180C7F2C00C6C166 /* downmix.c in Sources */ = {isa = PBXBuildFile; fileRef = A9D361B8180C7F2C00C6C166 /* downmix.c */; };
		A9D361E3180C7F2C00C6C166 /* MatroskaFile.c in Sources */ = {isa = PBXBuildFile; fileRef = A9D361BA180C7F2C00C6C166 /* MatroskaFile.c */; };
		A9D361E4180C7F2C00C6C166 /* MatroskaParser.c in Sources */ = {isa = PBXBuildFile; fileRef = A9D361BC180C7F2C00C6C166 /* MatroskaParser.c */; };
		A9D361E5180C7F2C00C6C166 /* mbs.cpp in Sources */ = {isa = PBXBuildFile; fileRef = A9D361BE180C7F2C00C6C166 /* mbs.cpp */; };
		A9D361E6180C7F2C00C6C166 /* sfifo.c in Sources */ = {isa = PBXBuildFile; fileRef = A9D361C1180C7F2C00C6C166 /* sfifo.c */; };
		A9E96D0413892BE400D4B7F0 /* libavcodec.a in Frameworks */ = {isa = PBXBuildFile; fileRef = A9E96CF313892BE300D4B7F0 /* libavcodec.a */; };
		A9E96D0613892BE400D4B7F0 /* libavdevice.a in Frameworks */ = {isa = PBXBuildFile; fileRef = A9E96CF513892BE300D4B7F0 /* libavdevice.a */; };
		A9E96D0713892BE400D4B7F0 /* libavformat.a in Frameworks */ = {isa = PBXBuildFile; fileRef = A9E96CF613892BE300D4B7F0 /* libavformat.a */; };
		A9E96D0813892BE400D4B7F0 /* libavutil.a in Frameworks */ = {isa = PBXBuildFile; fileRef = A9E96CF713892BE300D4B7F0 /* libavutil.a */; };
		CBE9463B12FC5350007E656A /* RegexKitLite.m in Sources */ = {isa = PBXBuildFile; fileRef = CBE9463A12FC5350007E656A /* RegexKitLite.m */; };
		CBE9467C12FC5510007E656A /* SublerCLI.mm in Sources */ = {isa = PBXBuildFile; fileRef = CBE9467B12FC5510007E656A /* SublerCLI.mm */; };
/* End PBXBuildFile section */

/* Begin PBXContainerItemProxy section */
		A98ED3500F59E17A00885A49 /* PBXContainerItemProxy */ = {
			isa = PBXContainerItemProxy;
			containerPortal = A98ED34A0F59E17A00885A49 /* UniversalDetector.xcodeproj */;
			proxyType = 2;
			remoteGlobalIDString = 8DC2EF5B0486A6940098B216;
			remoteInfo = UniversalDetector;
		};
		A98ED3520F59E17A00885A49 /* PBXContainerItemProxy */ = {
			isa = PBXContainerItemProxy;
			containerPortal = A98ED34A0F59E17A00885A49 /* UniversalDetector.xcodeproj */;
			proxyType = 2;
			remoteGlobalIDString = 1B0DDCAB0A2D0AD10009B697;
			remoteInfo = DetectorTest;
		};
		A98ED3540F59E17A00885A49 /* PBXContainerItemProxy */ = {
			isa = PBXContainerItemProxy;
			containerPortal = A98ED34A0F59E17A00885A49 /* UniversalDetector.xcodeproj */;
			proxyType = 2;
			remoteGlobalIDString = 3DBF4F570BCD396800DA401A;
			remoteInfo = universaldetector;
		};
		A98ED3FA0F59E23E00885A49 /* PBXContainerItemProxy */ = {
			isa = PBXContainerItemProxy;
			containerPortal = A98ED34A0F59E17A00885A49 /* UniversalDetector.xcodeproj */;
			proxyType = 1;
			remoteGlobalIDString = 3DBF4F560BCD396800DA401A;
			remoteInfo = universaldetector;
		};
/* End PBXContainerItemProxy section */

/* Begin PBXCopyFilesBuildPhase section */
		8DD76F9E0486AA7600D96B5E /* CopyFiles */ = {
			isa = PBXCopyFilesBuildPhase;
			buildActionMask = 8;
			dstPath = /usr/share/man/man1/;
			dstSubfolderSpec = 0;
			files = (
				8DD76F9F0486AA7600D96B5E /* SublerCLI.1 in CopyFiles */,
			);
			runOnlyForDeploymentPostprocessing = 1;
		};
/* End PBXCopyFilesBuildPhase section */

/* Begin PBXFileReference section */
		08FB779EFE84155DC02AAC07 /* Foundation.framework */ = {isa = PBXFileReference; lastKnownFileType = wrapper.framework; name = Foundation.framework; path = /System/Library/Frameworks/Foundation.framework; sourceTree = "<absolute>"; };
		8DD76FA10486AA7600D96B5E /* SublerCLI */ = {isa = PBXFileReference; explicitFileType = "compiled.mach-o.executable"; includeInIndex = 0; path = SublerCLI; sourceTree = BUILT_PRODUCTS_DIR; };
		A90C277010AF32AF00991030 /* libz.dylib */ = {isa = PBXFileReference; lastKnownFileType = "compiled.mach-o.dylib"; name = libz.dylib; path = /usr/lib/libz.dylib; sourceTree = "<absolute>"; };
		A91F63490FB0C70100B96B33 /* libicucore.dylib */ = {isa = PBXFileReference; lastKnownFileType = "compiled.mach-o.dylib"; name = libicucore.dylib; path = /usr/lib/libicucore.dylib; sourceTree = "<absolute>"; };
		A92D8CCC1761EAEC0004E0C5 /* SBRatings.h */ = {isa = PBXFileReference; fileEncoding = 4; lastKnownFileType = sourcecode.c.h; name = SBRatings.h; path = ../Classes/SBRatings.h; sourceTree = "<group>"; };
		A92D8CCD1761EAEC0004E0C5 /* SBRatings.m */ = {isa = PBXFileReference; fileEncoding = 4; lastKnownFileType = sourcecode.c.objc; name = SBRatings.m; path = ../Classes/SBRatings.m; sourceTree = "<group>"; };
		A92E3BED177CC8E600E7F7BB /* Quartz.framework */ = {isa = PBXFileReference; lastKnownFileType = wrapper.framework; name = Quartz.framework; path = System/Library/Frameworks/Quartz.framework; sourceTree = SDKROOT; };
		A942AF631679197000780565 /* libjpeg.a */ = {isa = PBXFileReference; lastKnownFileType = archive.ar; name = libjpeg.a; path = ../Tesseract/lib/libjpeg.a; sourceTree = "<group>"; };
		A942AF641679197000780565 /* libtesseract.a */ = {isa = PBXFileReference; lastKnownFileType = archive.ar; name = libtesseract.a; path = ../Tesseract/lib/libtesseract.a; sourceTree = "<group>"; };
		A94871D10F7914D2008DBC94 /* QTKit.framework */ = {isa = PBXFileReference; lastKnownFileType = wrapper.framework; name = QTKit.framework; path = /System/Library/Frameworks/QTKit.framework; sourceTree = "<absolute>"; };
		A94871D60F7914E7008DBC94 /* QuickTime.framework */ = {isa = PBXFileReference; lastKnownFileType = wrapper.framework; name = QuickTime.framework; path = /System/Library/Frameworks/QuickTime.framework; sourceTree = "<absolute>"; };
		A95F07BE148BA07600D663E5 /* liblept.a */ = {isa = PBXFileReference; lastKnownFileType = archive.ar; name = liblept.a; path = ../Tesseract/lib/liblept.a; sourceTree = "<group>"; };
		A9726A260F7B89F0008A828C /* AudioToolbox.framework */ = {isa = PBXFileReference; lastKnownFileType = wrapper.framework; name = AudioToolbox.framework; path = /System/Library/Frameworks/AudioToolbox.framework; sourceTree = "<absolute>"; };
		A98ED3240F59E08D00885A49 /* libmp4v2.a */ = {isa = PBXFileReference; lastKnownFileType = archive.ar; path = libmp4v2.a; sourceTree = "<group>"; };
		A98ED3320F59E08D00885A49 /* mp4v2.h */ = {isa = PBXFileReference; fileEncoding = 4; lastKnownFileType = sourcecode.c.h; path = mp4v2.h; sourceTree = "<group>"; };
		A98ED34A0F59E17A00885A49 /* UniversalDetector.xcodeproj */ = {isa = PBXFileReference; lastKnownFileType = "wrapper.pb-project"; name = UniversalDetector.xcodeproj; path = ../UniversalDetector/UniversalDetector.xcodeproj; sourceTree = SOURCE_ROOT; };
		A98ED4020F59E28300885A49 /* Cocoa.framework */ = {isa = PBXFileReference; lastKnownFileType = wrapper.framework; name = Cocoa.framework; path = System/Library/Frameworks/Cocoa.framework; sourceTree = SDKROOT; };
		A9AB487217F0B0B2000AA72E /* JSONKit.h */ = {isa = PBXFileReference; fileEncoding = 4; lastKnownFileType = sourcecode.c.h; name = JSONKit.h; path = ../Others/JSONKit.h; sourceTree = "<group>"; };
		A9AB487317F0B0B2000AA72E /* JSONKit.m */ = {isa = PBXFileReference; fileEncoding = 4; lastKnownFileType = sourcecode.c.objc; name = JSONKit.m; path = ../Others/JSONKit.m; sourceTree = "<group>"; };
		A9AC785512FE96E100A72A1E /* SublerCLI_Prefix.pch */ = {isa = PBXFileReference; fileEncoding = 4; lastKnownFileType = sourcecode.c.h; path = SublerCLI_Prefix.pch; sourceTree = "<group>"; };
		A9AEF825167C7CAF00FDDBB3 /* AVFoundation.framework */ = {isa = PBXFileReference; lastKnownFileType = wrapper.framework; name = AVFoundation.framework; path = System/Library/Frameworks/AVFoundation.framework; sourceTree = SDKROOT; };
		A9AEF827167C7CB900FDDBB3 /* CoreMedia.framework */ = {isa = PBXFileReference; lastKnownFileType = wrapper.framework; name = CoreMedia.framework; path = System/Library/Frameworks/CoreMedia.framework; sourceTree = SDKROOT; };
		A9AEF829167C7CC600FDDBB3 /* CoreVideo.framework */ = {isa = PBXFileReference; lastKnownFileType = wrapper.framework; name = CoreVideo.framework; path = System/Library/Frameworks/CoreVideo.framework; sourceTree = SDKROOT; };
		A9AEF82B167C7D4D00FDDBB3 /* QTKitDecrap.h */ = {isa = PBXFileReference; lastKnownFileType = sourcecode.c.h; name = QTKitDecrap.h; path = ../Others/QTKitDecrap.h; sourceTree = "<group>"; };
		A9AEF82C167C7D6500FDDBB3 /* QTKitDecrap.m */ = {isa = PBXFileReference; fileEncoding = 4; lastKnownFileType = sourcecode.c.objc; name = QTKitDecrap.m; path = ../Others/QTKitDecrap.m; sourceTree = "<group>"; };
		A9BAABD115D930AD00A59EAB /* SBLanguages.h */ = {isa = PBXFileReference; lastKnownFileType = sourcecode.c.h; name = SBLanguages.h; path = ../Classes/SBLanguages.h; sourceTree = "<group>"; };
		A9BAABD215D930AD00A59EAB /* SBLanguages.m */ = {isa = PBXFileReference; lastKnownFileType = sourcecode.c.objc; name = SBLanguages.m; path = ../Classes/SBLanguages.m; sourceTree = "<group>"; };
		A9C0605116831CBE00FE3D98 /* libbz2.dylib */ = {isa = PBXFileReference; lastKnownFileType = "compiled.mach-o.dylib"; name = libbz2.dylib; path = usr/lib/libbz2.dylib; sourceTree = SDKROOT; };
		A9D36178180C7F2C00C6C166 /* MP42AACImporter.h */ = {isa = PBXFileReference; fileEncoding = 4; lastKnownFileType = sourcecode.c.h; path = MP42AACImporter.h; sourceTree = "<group>"; };
		A9D36179180C7F2C00C6C166 /* MP42AACImporter.mm */ = {isa = PBXFileReference; fileEncoding = 4; lastKnownFileType = sourcecode.cpp.objcpp; path = MP42AACImporter.mm; sourceTree = "<group>"; };
		A9D3617A180C7F2C00C6C166 /* MP42AC3Importer.h */ = {isa = PBXFileReference; fileEncoding = 4; lastKnownFileType = sourcecode.c.h; path = MP42AC3Importer.h; sourceTree = "<group>"; };
		A9D3617B180C7F2C00C6C166 /* MP42AC3Importer.m */ = {isa = PBXFileReference; fileEncoding = 4; lastKnownFileType = sourcecode.c.objc; path = MP42AC3Importer.m; sourceTree = "<group>"; };
		A9D3617C180C7F2C00C6C166 /* MP42AudioConverter.h */ = {isa = PBXFileReference; fileEncoding = 4; lastKnownFileType = sourcecode.c.h; path = MP42AudioConverter.h; sourceTree = "<group>"; };
		A9D3617D180C7F2C00C6C166 /* MP42AudioConverter.m */ = {isa = PBXFileReference; fileEncoding = 4; lastKnownFileType = sourcecode.c.objc; path = MP42AudioConverter.m; sourceTree = "<group>"; };
		A9D3617E180C7F2C00C6C166 /* MP42AudioTrack.h */ = {isa = PBXFileReference; fileEncoding = 4; lastKnownFileType = sourcecode.c.h; path = MP42AudioTrack.h; sourceTree = "<group>"; };
		A9D3617F180C7F2C00C6C166 /* MP42AudioTrack.m */ = {isa = PBXFileReference; fileEncoding = 4; lastKnownFileType = sourcecode.c.objc; path = MP42AudioTrack.m; sourceTree = "<group>"; };
		A9D36180180C7F2C00C6C166 /* MP42AVFImporter.h */ = {isa = PBXFileReference; fileEncoding = 4; lastKnownFileType = sourcecode.c.h; path = MP42AVFImporter.h; sourceTree = "<group>"; };
		A9D36181180C7F2C00C6C166 /* MP42AVFImporter.m */ = {isa = PBXFileReference; fileEncoding = 4; lastKnownFileType = sourcecode.c.objc; path = MP42AVFImporter.m; sourceTree = "<group>"; };
		A9D36182180C7F2C00C6C166 /* MP42BitmapSubConverter.h */ = {isa = PBXFileReference; fileEncoding = 4; lastKnownFileType = sourcecode.c.h; path = MP42BitmapSubConverter.h; sourceTree = "<group>"; };
		A9D36183180C7F2C00C6C166 /* MP42BitmapSubConverter.m */ = {isa = PBXFileReference; fileEncoding = 4; lastKnownFileType = sourcecode.c.objc; path = MP42BitmapSubConverter.m; sourceTree = "<group>"; };
		A9D36184180C7F2C00C6C166 /* MP42CCImporter.h */ = {isa = PBXFileReference; fileEncoding = 4; lastKnownFileType = sourcecode.c.h; path = MP42CCImporter.h; sourceTree = "<group>"; };
		A9D36185180C7F2C00C6C166 /* MP42CCImporter.m */ = {isa = PBXFileReference; fileEncoding = 4; lastKnownFileType = sourcecode.c.objc; path = MP42CCImporter.m; sourceTree = "<group>"; };
		A9D36186180C7F2C00C6C166 /* MP42ChapterTrack.h */ = {isa = PBXFileReference; fileEncoding = 4; lastKnownFileType = sourcecode.c.h; path = MP42ChapterTrack.h; sourceTree = "<group>"; };
		A9D36187180C7F2C00C6C166 /* MP42ChapterTrack.m */ = {isa = PBXFileReference; fileEncoding = 4; lastKnownFileType = sourcecode.c.objc; path = MP42ChapterTrack.m; sourceTree = "<group>"; };
		A9D36188180C7F2C00C6C166 /* MP42ClosedCaptionTrack.h */ = {isa = PBXFileReference; fileEncoding = 4; lastKnownFileType = sourcecode.c.h; path = MP42ClosedCaptionTrack.h; sourceTree = "<group>"; };
		A9D36189180C7F2C00C6C166 /* MP42ClosedCaptionTrack.m */ = {isa = PBXFileReference; fileEncoding = 4; lastKnownFileType = sourcecode.c.objc; path = MP42ClosedCaptionTrack.m; sourceTree = "<group>"; };
		A9D3618A180C7F2C00C6C166 /* MP42ConverterProtocol.h */ = {isa = PBXFileReference; fileEncoding = 4; lastKnownFileType = sourcecode.c.h; path = MP42ConverterProtocol.h; sourceTree = "<group>"; };
		A9D3618B180C7F2C00C6C166 /* MP42Fifo.h */ = {isa = PBXFileReference; fileEncoding = 4; lastKnownFileType = sourcecode.c.h; path = MP42Fifo.h; sourceTree = "<group>"; };
		A9D3618C180C7F2C00C6C166 /* MP42Fifo.m */ = {isa = PBXFileReference; fileEncoding = 4; lastKnownFileType = sourcecode.c.objc; path = MP42Fifo.m; sourceTree = "<group>"; };
		A9D3618D180C7F2C00C6C166 /* MP42File.h */ = {isa = PBXFileReference; fileEncoding = 4; lastKnownFileType = sourcecode.c.h; path = MP42File.h; sourceTree = "<group>"; };
		A9D3618E180C7F2C00C6C166 /* MP42File.m */ = {isa = PBXFileReference; fileEncoding = 4; lastKnownFileType = sourcecode.c.objc; path = MP42File.m; sourceTree = "<group>"; };
		A9D3618F180C7F2C00C6C166 /* MP42FileImporter.h */ = {isa = PBXFileReference; fileEncoding = 4; lastKnownFileType = sourcecode.c.h; path = MP42FileImporter.h; sourceTree = "<group>"; };
		A9D36190180C7F2C00C6C166 /* MP42FileImporter.m */ = {isa = PBXFileReference; fileEncoding = 4; lastKnownFileType = sourcecode.c.objc; path = MP42FileImporter.m; sourceTree = "<group>"; };
		A9D36191180C7F2C00C6C166 /* MP42H264Importer.h */ = {isa = PBXFileReference; fileEncoding = 4; lastKnownFileType = sourcecode.c.h; path = MP42H264Importer.h; sourceTree = "<group>"; };
		A9D36192180C7F2C00C6C166 /* MP42H264Importer.mm */ = {isa = PBXFileReference; fileEncoding = 4; lastKnownFileType = sourcecode.cpp.objcpp; path = MP42H264Importer.mm; sourceTree = "<group>"; };
		A9D36193180C7F2C00C6C166 /* MP42HtmlParser.h */ = {isa = PBXFileReference; fileEncoding = 4; lastKnownFileType = sourcecode.c.h; path = MP42HtmlParser.h; sourceTree = "<group>"; };
		A9D36194180C7F2C00C6C166 /* MP42HtmlParser.m */ = {isa = PBXFileReference; fileEncoding = 4; lastKnownFileType = sourcecode.c.objc; path = MP42HtmlParser.m; sourceTree = "<group>"; };
		A9D36195180C7F2C00C6C166 /* MP42Image.h */ = {isa = PBXFileReference; fileEncoding = 4; lastKnownFileType = sourcecode.c.h; path = MP42Image.h; sourceTree = "<group>"; };
		A9D36196180C7F2C00C6C166 /* MP42Image.m */ = {isa = PBXFileReference; fileEncoding = 4; lastKnownFileType = sourcecode.c.objc; path = MP42Image.m; sourceTree = "<group>"; };
		A9D36197180C7F2C00C6C166 /* MP42MediaFormat.h */ = {isa = PBXFileReference; fileEncoding = 4; lastKnownFileType = sourcecode.c.h; path = MP42MediaFormat.h; sourceTree = "<group>"; };
		A9D36198180C7F2C00C6C166 /* MP42MediaFormat.m */ = {isa = PBXFileReference; fileEncoding = 4; lastKnownFileType = sourcecode.c.objc; path = MP42MediaFormat.m; sourceTree = "<group>"; };
		A9D36199180C7F2C00C6C166 /* MP42Metadata.h */ = {isa = PBXFileReference; fileEncoding = 4; lastKnownFileType = sourcecode.c.h; path = MP42Metadata.h; sourceTree = "<group>"; };
		A9D3619A180C7F2C00C6C166 /* MP42Metadata.m */ = {isa = PBXFileReference; fileEncoding = 4; lastKnownFileType = sourcecode.c.objc; path = MP42Metadata.m; sourceTree = "<group>"; };
		A9D3619B180C7F2C00C6C166 /* MP42MkvImporter.h */ = {isa = PBXFileReference; fileEncoding = 4; lastKnownFileType = sourcecode.c.h; path = MP42MkvImporter.h; sourceTree = "<group>"; };
		A9D3619C180C7F2C00C6C166 /* MP42MkvImporter.m */ = {isa = PBXFileReference; fileEncoding = 4; lastKnownFileType = sourcecode.c.objc; path = MP42MkvImporter.m; sourceTree = "<group>"; };
		A9D3619D180C7F2C00C6C166 /* MP42Mp4Importer.h */ = {isa = PBXFileReference; fileEncoding = 4; lastKnownFileType = sourcecode.c.h; path = MP42Mp4Importer.h; sourceTree = "<group>"; };
		A9D3619E180C7F2C00C6C166 /* MP42Mp4Importer.m */ = {isa = PBXFileReference; fileEncoding = 4; lastKnownFileType = sourcecode.c.objc; path = MP42Mp4Importer.m; sourceTree = "<group>"; };
		A9D3619F180C7F2C00C6C166 /* MP42Muxer.h */ = {isa = PBXFileReference; fileEncoding = 4; lastKnownFileType = sourcecode.c.h; path = MP42Muxer.h; sourceTree = "<group>"; };
		A9D361A0180C7F2C00C6C166 /* MP42Muxer.m */ = {isa = PBXFileReference; fileEncoding = 4; lastKnownFileType = sourcecode.c.objc; path = MP42Muxer.m; sourceTree = "<group>"; };
		A9D361A1180C7F2C00C6C166 /* MP42OCRWrapper.h */ = {isa = PBXFileReference; fileEncoding = 4; lastKnownFileType = sourcecode.c.h; path = MP42OCRWrapper.h; sourceTree = "<group>"; };
		A9D361A2180C7F2C00C6C166 /* MP42OCRWrapper.mm */ = {isa = PBXFileReference; fileEncoding = 4; lastKnownFileType = sourcecode.cpp.objcpp; path = MP42OCRWrapper.mm; sourceTree = "<group>"; };
		A9D361A3180C7F2C00C6C166 /* MP42QTImporter.h */ = {isa = PBXFileReference; fileEncoding = 4; lastKnownFileType = sourcecode.c.h; path = MP42QTImporter.h; sourceTree = "<group>"; };
		A9D361A4180C7F2C00C6C166 /* MP42QTImporter.m */ = {isa = PBXFileReference; fileEncoding = 4; lastKnownFileType = sourcecode.c.objc; path = MP42QTImporter.m; sourceTree = "<group>"; };
		A9D361A5180C7F2C00C6C166 /* MP42Sample.h */ = {isa = PBXFileReference; fileEncoding = 4; lastKnownFileType = sourcecode.c.h; path = MP42Sample.h; sourceTree = "<group>"; };
		A9D361A6180C7F2C00C6C166 /* MP42Sample.m */ = {isa = PBXFileReference; fileEncoding = 4; lastKnownFileType = sourcecode.c.objc; path = MP42Sample.m; sourceTree = "<group>"; };
		A9D361A7180C7F2C00C6C166 /* MP42SrtImporter.h */ = {isa = PBXFileReference; fileEncoding = 4; lastKnownFileType = sourcecode.c.h; path = MP42SrtImporter.h; sourceTree = "<group>"; };
		A9D361A8180C7F2C00C6C166 /* MP42SrtImporter.m */ = {isa = PBXFileReference; fileEncoding = 4; lastKnownFileType = sourcecode.c.objc; path = MP42SrtImporter.m; sourceTree = "<group>"; };
		A9D361A9180C7F2C00C6C166 /* MP42SubtitleTrack.h */ = {isa = PBXFileReference; fileEncoding = 4; lastKnownFileType = sourcecode.c.h; path = MP42SubtitleTrack.h; sourceTree = "<group>"; };
		A9D361AA180C7F2C00C6C166 /* MP42SubtitleTrack.m */ = {isa = PBXFileReference; fileEncoding = 4; lastKnownFileType = sourcecode.c.objc; path = MP42SubtitleTrack.m; sourceTree = "<group>"; };
		A9D361AB180C7F2C00C6C166 /* MP42SubUtilities.h */ = {isa = PBXFileReference; fileEncoding = 4; lastKnownFileType = sourcecode.c.h; path = MP42SubUtilities.h; sourceTree = "<group>"; };
		A9D361AC180C7F2C00C6C166 /* MP42SubUtilities.m */ = {isa = PBXFileReference; fileEncoding = 4; lastKnownFileType = sourcecode.c.objc; path = MP42SubUtilities.m; sourceTree = "<group>"; };
		A9D361AD180C7F2C00C6C166 /* MP42Track.h */ = {isa = PBXFileReference; fileEncoding = 4; lastKnownFileType = sourcecode.c.h; path = MP42Track.h; sourceTree = "<group>"; };
		A9D361AE180C7F2C00C6C166 /* MP42Track.m */ = {isa = PBXFileReference; fileEncoding = 4; lastKnownFileType = sourcecode.c.objc; path = MP42Track.m; sourceTree = "<group>"; };
		A9D361AF180C7F2C00C6C166 /* MP42Utilities.h */ = {isa = PBXFileReference; fileEncoding = 4; lastKnownFileType = sourcecode.c.h; path = MP42Utilities.h; sourceTree = "<group>"; };
		A9D361B0180C7F2C00C6C166 /* MP42Utilities.m */ = {isa = PBXFileReference; fileEncoding = 4; lastKnownFileType = sourcecode.c.objc; path = MP42Utilities.m; sourceTree = "<group>"; };
		A9D361B1180C7F2C00C6C166 /* MP42VideoTrack.h */ = {isa = PBXFileReference; fileEncoding = 4; lastKnownFileType = sourcecode.c.h; path = MP42VideoTrack.h; sourceTree = "<group>"; };
		A9D361B2180C7F2C00C6C166 /* MP42VideoTrack.m */ = {isa = PBXFileReference; fileEncoding = 4; lastKnownFileType = sourcecode.c.objc; path = MP42VideoTrack.m; sourceTree = "<group>"; };
		A9D361B3180C7F2C00C6C166 /* MP42VobSubImporter.h */ = {isa = PBXFileReference; fileEncoding = 4; lastKnownFileType = sourcecode.c.h; path = MP42VobSubImporter.h; sourceTree = "<group>"; };
		A9D361B4180C7F2C00C6C166 /* MP42VobSubImporter.m */ = {isa = PBXFileReference; fileEncoding = 4; lastKnownFileType = sourcecode.c.objc; path = MP42VobSubImporter.m; sourceTree = "<group>"; };
		A9D361B5180C7F2C00C6C166 /* MP42XMLReader.h */ = {isa = PBXFileReference; fileEncoding = 4; lastKnownFileType = sourcecode.c.h; path = MP42XMLReader.h; sourceTree = "<group>"; };
		A9D361B6180C7F2C00C6C166 /* MP42XMLReader.m */ = {isa = PBXFileReference; fileEncoding = 4; lastKnownFileType = sourcecode.c.objc; path = MP42XMLReader.m; sourceTree = "<group>"; };
		A9D361B8180C7F2C00C6C166 /* downmix.c */ = {isa = PBXFileReference; fileEncoding = 4; lastKnownFileType = sourcecode.c.c; path = downmix.c; sourceTree = "<group>"; };
		A9D361B9180C7F2C00C6C166 /* downmix.h */ = {isa = PBXFileReference; fileEncoding = 4; lastKnownFileType = sourcecode.c.h; path = downmix.h; sourceTree = "<group>"; };
		A9D361BA180C7F2C00C6C166 /* MatroskaFile.c */ = {isa = PBXFileReference; fileEncoding = 4; lastKnownFileType = sourcecode.c.c; path = MatroskaFile.c; sourceTree = "<group>"; };
		A9D361BB180C7F2C00C6C166 /* MatroskaFile.h */ = {isa = PBXFileReference; fileEncoding = 4; lastKnownFileType = sourcecode.c.h; path = MatroskaFile.h; sourceTree = "<group>"; };
		A9D361BC180C7F2C00C6C166 /* MatroskaParser.c */ = {isa = PBXFileReference; fileEncoding = 4; lastKnownFileType = sourcecode.c.c; path = MatroskaParser.c; sourceTree = "<group>"; };
		A9D361BD180C7F2C00C6C166 /* MatroskaParser.h */ = {isa = PBXFileReference; fileEncoding = 4; lastKnownFileType = sourcecode.c.h; path = MatroskaParser.h; sourceTree = "<group>"; };
		A9D361BE180C7F2C00C6C166 /* mbs.cpp */ = {isa = PBXFileReference; fileEncoding = 4; lastKnownFileType = sourcecode.cpp.cpp; path = mbs.cpp; sourceTree = "<group>"; };
		A9D361BF180C7F2C00C6C166 /* mbs.h */ = {isa = PBXFileReference; fileEncoding = 4; lastKnownFileType = sourcecode.c.h; path = mbs.h; sourceTree = "<group>"; };
		A9D361C0180C7F2C00C6C166 /* mpeg4ip_bitstream.h */ = {isa = PBXFileReference; fileEncoding = 4; lastKnownFileType = sourcecode.c.h; path = mpeg4ip_bitstream.h; sourceTree = "<group>"; };
		A9D361C1180C7F2C00C6C166 /* sfifo.c */ = {isa = PBXFileReference; fileEncoding = 4; lastKnownFileType = sourcecode.c.c; path = sfifo.c; sourceTree = "<group>"; };
		A9D361C2180C7F2C00C6C166 /* sfifo.h */ = {isa = PBXFileReference; fileEncoding = 4; lastKnownFileType = sourcecode.c.h; path = sfifo.h; sourceTree = "<group>"; };
		A9E96CF313892BE300D4B7F0 /* libavcodec.a */ = {isa = PBXFileReference; lastKnownFileType = archive.ar; name = libavcodec.a; path = ../ffmpeg/lib/libavcodec.a; sourceTree = SOURCE_ROOT; };
		A9E96CF513892BE300D4B7F0 /* libavdevice.a */ = {isa = PBXFileReference; lastKnownFileType = archive.ar; name = libavdevice.a; path = ../ffmpeg/lib/libavdevice.a; sourceTree = SOURCE_ROOT; };
		A9E96CF613892BE300D4B7F0 /* libavformat.a */ = {isa = PBXFileReference; lastKnownFileType = archive.ar; name = libavformat.a; path = ../ffmpeg/lib/libavformat.a; sourceTree = SOURCE_ROOT; };
		A9E96CF713892BE300D4B7F0 /* libavutil.a */ = {isa = PBXFileReference; lastKnownFileType = archive.ar; name = libavutil.a; path = ../ffmpeg/lib/libavutil.a; sourceTree = SOURCE_ROOT; };
		C6859EA3029092ED04C91782 /* SublerCLI.1 */ = {isa = PBXFileReference; lastKnownFileType = text.man; path = SublerCLI.1; sourceTree = "<group>"; };
		CBE9463A12FC5350007E656A /* RegexKitLite.m */ = {isa = PBXFileReference; fileEncoding = 4; lastKnownFileType = sourcecode.c.objc; name = RegexKitLite.m; path = ../Others/RegexKitLite.m; sourceTree = "<group>"; };
		CBE9463C12FC535B007E656A /* RegexKitLite.h */ = {isa = PBXFileReference; fileEncoding = 4; lastKnownFileType = sourcecode.c.h; name = RegexKitLite.h; path = ../Others/RegexKitLite.h; sourceTree = "<group>"; };
		CBE9465612FC53FF007E656A /* UniversalDetector.h */ = {isa = PBXFileReference; fileEncoding = 4; lastKnownFileType = sourcecode.c.h; name = UniversalDetector.h; path = ../UniversalDetector/UniversalDetector.h; sourceTree = "<group>"; };
		CBE9467B12FC5510007E656A /* SublerCLI.mm */ = {isa = PBXFileReference; fileEncoding = 4; lastKnownFileType = sourcecode.cpp.objcpp; path = SublerCLI.mm; sourceTree = "<group>"; };
/* End PBXFileReference section */

/* Begin PBXFrameworksBuildPhase section */
		8DD76F9B0486AA7600D96B5E /* Frameworks */ = {
			isa = PBXFrameworksBuildPhase;
			buildActionMask = 2147483647;
			files = (
				A92E3BEE177CC8E600E7F7BB /* Quartz.framework in Frameworks */,
				A95F07C2148BA07600D663E5 /* liblept.a in Frameworks */,
				A942AF651679197000780565 /* libjpeg.a in Frameworks */,
				A942AF661679197000780565 /* libtesseract.a in Frameworks */,
				A9AEF82A167C7CC600FDDBB3 /* CoreVideo.framework in Frameworks */,
				A9AEF828167C7CB900FDDBB3 /* CoreMedia.framework in Frameworks */,
				A9AEF826167C7CAF00FDDBB3 /* AVFoundation.framework in Frameworks */,
				8DD76F9C0486AA7600D96B5E /* Foundation.framework in Frameworks */,
				A98ED3330F59E08D00885A49 /* libmp4v2.a in Frameworks */,
				A98ED3FC0F59E24A00885A49 /* libuniversaldetector.a in Frameworks */,
				A98ED4030F59E28300885A49 /* Cocoa.framework in Frameworks */,
				A94871D20F7914D2008DBC94 /* QTKit.framework in Frameworks */,
				A94871D70F7914E7008DBC94 /* QuickTime.framework in Frameworks */,
				A9726A270F7B89F0008A828C /* AudioToolbox.framework in Frameworks */,
				A91F634A0FB0C70100B96B33 /* libicucore.dylib in Frameworks */,
				A90C277110AF32AF00991030 /* libz.dylib in Frameworks */,
				A9C0605216831CBE00FE3D98 /* libbz2.dylib in Frameworks */,
				A9E96D0413892BE400D4B7F0 /* libavcodec.a in Frameworks */,
				A9E96D0613892BE400D4B7F0 /* libavdevice.a in Frameworks */,
				A9E96D0713892BE400D4B7F0 /* libavformat.a in Frameworks */,
				A9E96D0813892BE400D4B7F0 /* libavutil.a in Frameworks */,
			);
			runOnlyForDeploymentPostprocessing = 0;
		};
/* End PBXFrameworksBuildPhase section */

/* Begin PBXGroup section */
		08FB7794FE84155DC02AAC07 /* SublerCLI */ = {
			isa = PBXGroup;
			children = (
				08FB7795FE84155DC02AAC07 /* Source */,
				C6859EA2029092E104C91782 /* Documentation */,
				08FB779DFE84155DC02AAC07 /* External Frameworks and Libraries */,
				1AB674ADFE9D54B511CA2CBB /* Products */,
			);
			name = SublerCLI;
			sourceTree = "<group>";
		};
		08FB7795FE84155DC02AAC07 /* Source */ = {
			isa = PBXGroup;
			children = (
				A9AC785512FE96E100A72A1E /* SublerCLI_Prefix.pch */,
				CBE9467B12FC5510007E656A /* SublerCLI.mm */,
				A9D36177180C7F2C00C6C166 /* mp4v2 wrapper */,
				A9975E6C12B8CD6B00A3EFB6 /* Others */,
			);
			name = Source;
			sourceTree = "<group>";
		};
		08FB779DFE84155DC02AAC07 /* External Frameworks and Libraries */ = {
			isa = PBXGroup;
			children = (
				A92E3BED177CC8E600E7F7BB /* Quartz.framework */,
				A9C0605116831CBE00FE3D98 /* libbz2.dylib */,
				A91F63490FB0C70100B96B33 /* libicucore.dylib */,
				A942AF631679197000780565 /* libjpeg.a */,
				A942AF641679197000780565 /* libtesseract.a */,
				A9AEF827167C7CB900FDDBB3 /* CoreMedia.framework */,
				A9AEF825167C7CAF00FDDBB3 /* AVFoundation.framework */,
				A9AEF829167C7CC600FDDBB3 /* CoreVideo.framework */,
				A9726A260F7B89F0008A828C /* AudioToolbox.framework */,
				A94871D60F7914E7008DBC94 /* QuickTime.framework */,
				A94871D10F7914D2008DBC94 /* QTKit.framework */,
				A98ED34A0F59E17A00885A49 /* UniversalDetector.xcodeproj */,
				A98ED3230F59E08D00885A49 /* mp4v2 */,
				A98ED4020F59E28300885A49 /* Cocoa.framework */,
				08FB779EFE84155DC02AAC07 /* Foundation.framework */,
				A90C277010AF32AF00991030 /* libz.dylib */,
				A95F07BE148BA07600D663E5 /* liblept.a */,
				A9E96CF313892BE300D4B7F0 /* libavcodec.a */,
				A9E96CF513892BE300D4B7F0 /* libavdevice.a */,
				A9E96CF613892BE300D4B7F0 /* libavformat.a */,
				A9E96CF713892BE300D4B7F0 /* libavutil.a */,
			);
			name = "External Frameworks and Libraries";
			sourceTree = "<group>";
		};
		1AB674ADFE9D54B511CA2CBB /* Products */ = {
			isa = PBXGroup;
			children = (
				8DD76FA10486AA7600D96B5E /* SublerCLI */,
			);
			name = Products;
			sourceTree = "<group>";
		};
		A98ED3230F59E08D00885A49 /* mp4v2 */ = {
			isa = PBXGroup;
			children = (
				A98ED3240F59E08D00885A49 /* libmp4v2.a */,
				A98ED3320F59E08D00885A49 /* mp4v2.h */,
			);
			name = mp4v2;
			path = ../mp4v2;
			sourceTree = SOURCE_ROOT;
		};
		A98ED34B0F59E17A00885A49 /* Products */ = {
			isa = PBXGroup;
			children = (
				A98ED3510F59E17A00885A49 /* UniversalDetector.framework */,
				A98ED3530F59E17A00885A49 /* DetectorTest */,
				A98ED3550F59E17A00885A49 /* libuniversaldetector.a */,
			);
			name = Products;
			sourceTree = "<group>";
		};
		A9975E6C12B8CD6B00A3EFB6 /* Others */ = {
			isa = PBXGroup;
			children = (
				A9AEF82B167C7D4D00FDDBB3 /* QTKitDecrap.h */,
				A9AEF82C167C7D6500FDDBB3 /* QTKitDecrap.m */,
				A9AB487217F0B0B2000AA72E /* JSONKit.h */,
				A9AB487317F0B0B2000AA72E /* JSONKit.m */,
				A9BAABD115D930AD00A59EAB /* SBLanguages.h */,
				A9BAABD215D930AD00A59EAB /* SBLanguages.m */,
				A92D8CCC1761EAEC0004E0C5 /* SBRatings.h */,
				A92D8CCD1761EAEC0004E0C5 /* SBRatings.m */,
				CBE9465612FC53FF007E656A /* UniversalDetector.h */,
				CBE9463C12FC535B007E656A /* RegexKitLite.h */,
				CBE9463A12FC5350007E656A /* RegexKitLite.m */,
			);
			name = Others;
			sourceTree = "<group>";
		};
		A9D36177180C7F2C00C6C166 /* mp4v2 wrapper */ = {
			isa = PBXGroup;
			children = (
				A9D36178180C7F2C00C6C166 /* MP42AACImporter.h */,
				A9D36179180C7F2C00C6C166 /* MP42AACImporter.mm */,
				A9D3617A180C7F2C00C6C166 /* MP42AC3Importer.h */,
				A9D3617B180C7F2C00C6C166 /* MP42AC3Importer.m */,
				A9D3617C180C7F2C00C6C166 /* MP42AudioConverter.h */,
				A9D3617D180C7F2C00C6C166 /* MP42AudioConverter.m */,
				A9D3617E180C7F2C00C6C166 /* MP42AudioTrack.h */,
				A9D3617F180C7F2C00C6C166 /* MP42AudioTrack.m */,
				A9D36180180C7F2C00C6C166 /* MP42AVFImporter.h */,
				A9D36181180C7F2C00C6C166 /* MP42AVFImporter.m */,
				A9D36182180C7F2C00C6C166 /* MP42BitmapSubConverter.h */,
				A9D36183180C7F2C00C6C166 /* MP42BitmapSubConverter.m */,
				A9D36184180C7F2C00C6C166 /* MP42CCImporter.h */,
				A9D36185180C7F2C00C6C166 /* MP42CCImporter.m */,
				A9D36186180C7F2C00C6C166 /* MP42ChapterTrack.h */,
				A9D36187180C7F2C00C6C166 /* MP42ChapterTrack.m */,
				A9D36188180C7F2C00C6C166 /* MP42ClosedCaptionTrack.h */,
				A9D36189180C7F2C00C6C166 /* MP42ClosedCaptionTrack.m */,
				A9D3618A180C7F2C00C6C166 /* MP42ConverterProtocol.h */,
				A9D3618B180C7F2C00C6C166 /* MP42Fifo.h */,
				A9D3618C180C7F2C00C6C166 /* MP42Fifo.m */,
				A9D3618D180C7F2C00C6C166 /* MP42File.h */,
				A9D3618E180C7F2C00C6C166 /* MP42File.m */,
				A9D3618F180C7F2C00C6C166 /* MP42FileImporter.h */,
				A9D36190180C7F2C00C6C166 /* MP42FileImporter.m */,
				A9D36191180C7F2C00C6C166 /* MP42H264Importer.h */,
				A9D36192180C7F2C00C6C166 /* MP42H264Importer.mm */,
				A9D36193180C7F2C00C6C166 /* MP42HtmlParser.h */,
				A9D36194180C7F2C00C6C166 /* MP42HtmlParser.m */,
				A9D36195180C7F2C00C6C166 /* MP42Image.h */,
				A9D36196180C7F2C00C6C166 /* MP42Image.m */,
				A9D36197180C7F2C00C6C166 /* MP42MediaFormat.h */,
				A9D36198180C7F2C00C6C166 /* MP42MediaFormat.m */,
				A9D36199180C7F2C00C6C166 /* MP42Metadata.h */,
				A9D3619A180C7F2C00C6C166 /* MP42Metadata.m */,
				A9D3619B180C7F2C00C6C166 /* MP42MkvImporter.h */,
				A9D3619C180C7F2C00C6C166 /* MP42MkvImporter.m */,
				A9D3619D180C7F2C00C6C166 /* MP42Mp4Importer.h */,
				A9D3619E180C7F2C00C6C166 /* MP42Mp4Importer.m */,
				A9D3619F180C7F2C00C6C166 /* MP42Muxer.h */,
				A9D361A0180C7F2C00C6C166 /* MP42Muxer.m */,
				A9D361A1180C7F2C00C6C166 /* MP42OCRWrapper.h */,
				A9D361A2180C7F2C00C6C166 /* MP42OCRWrapper.mm */,
				A9D361A3180C7F2C00C6C166 /* MP42QTImporter.h */,
				A9D361A4180C7F2C00C6C166 /* MP42QTImporter.m */,
				A9D361A5180C7F2C00C6C166 /* MP42Sample.h */,
				A9D361A6180C7F2C00C6C166 /* MP42Sample.m */,
				A9D361A7180C7F2C00C6C166 /* MP42SrtImporter.h */,
				A9D361A8180C7F2C00C6C166 /* MP42SrtImporter.m */,
				A9D361A9180C7F2C00C6C166 /* MP42SubtitleTrack.h */,
				A9D361AA180C7F2C00C6C166 /* MP42SubtitleTrack.m */,
				A9D361AB180C7F2C00C6C166 /* MP42SubUtilities.h */,
				A9D361AC180C7F2C00C6C166 /* MP42SubUtilities.m */,
				A9D361AD180C7F2C00C6C166 /* MP42Track.h */,
				A9D361AE180C7F2C00C6C166 /* MP42Track.m */,
				A9D361AF180C7F2C00C6C166 /* MP42Utilities.h */,
				A9D361B0180C7F2C00C6C166 /* MP42Utilities.m */,
				A9D361B1180C7F2C00C6C166 /* MP42VideoTrack.h */,
				A9D361B2180C7F2C00C6C166 /* MP42VideoTrack.m */,
				A9D361B3180C7F2C00C6C166 /* MP42VobSubImporter.h */,
				A9D361B4180C7F2C00C6C166 /* MP42VobSubImporter.m */,
				A9D361B5180C7F2C00C6C166 /* MP42XMLReader.h */,
				A9D361B6180C7F2C00C6C166 /* MP42XMLReader.m */,
				A9D361B7180C7F2C00C6C166 /* muxer */,
				A9D361C1180C7F2C00C6C166 /* sfifo.c */,
				A9D361C2180C7F2C00C6C166 /* sfifo.h */,
			);
			name = "mp4v2 wrapper";
			path = "../mp4v2 wrapper";
			sourceTree = "<group>";
		};
		A9D361B7180C7F2C00C6C166 /* muxer */ = {
			isa = PBXGroup;
			children = (
				A9D361B8180C7F2C00C6C166 /* downmix.c */,
				A9D361B9180C7F2C00C6C166 /* downmix.h */,
				A9D361BA180C7F2C00C6C166 /* MatroskaFile.c */,
				A9D361BB180C7F2C00C6C166 /* MatroskaFile.h */,
				A9D361BC180C7F2C00C6C166 /* MatroskaParser.c */,
				A9D361BD180C7F2C00C6C166 /* MatroskaParser.h */,
				A9D361BE180C7F2C00C6C166 /* mbs.cpp */,
				A9D361BF180C7F2C00C6C166 /* mbs.h */,
				A9D361C0180C7F2C00C6C166 /* mpeg4ip_bitstream.h */,
			);
			path = muxer;
			sourceTree = "<group>";
		};
		C6859EA2029092E104C91782 /* Documentation */ = {
			isa = PBXGroup;
			children = (
				C6859EA3029092ED04C91782 /* SublerCLI.1 */,
			);
			name = Documentation;
			sourceTree = "<group>";
		};
/* End PBXGroup section */

/* Begin PBXNativeTarget section */
		8DD76F960486AA7600D96B5E /* SublerCLI */ = {
			isa = PBXNativeTarget;
			buildConfigurationList = 1DEB927408733DD40010E9CD /* Build configuration list for PBXNativeTarget "SublerCLI" */;
			buildPhases = (
				8DD76F990486AA7600D96B5E /* Sources */,
				8DD76F9B0486AA7600D96B5E /* Frameworks */,
				8DD76F9E0486AA7600D96B5E /* CopyFiles */,
			);
			buildRules = (
			);
			dependencies = (
				A98ED3FB0F59E23E00885A49 /* PBXTargetDependency */,
			);
			name = SublerCLI;
			productInstallPath = "$(HOME)/bin";
			productName = SublerCLI;
			productReference = 8DD76FA10486AA7600D96B5E /* SublerCLI */;
			productType = "com.apple.product-type.tool";
		};
/* End PBXNativeTarget section */

/* Begin PBXProject section */
		08FB7793FE84155DC02AAC07 /* Project object */ = {
			isa = PBXProject;
			attributes = {
				LastUpgradeCheck = 0440;
			};
			buildConfigurationList = 1DEB927808733DD40010E9CD /* Build configuration list for PBXProject "SublerCLI" */;
			compatibilityVersion = "Xcode 3.2";
			developmentRegion = English;
			hasScannedForEncodings = 1;
			knownRegions = (
				English,
				Japanese,
				French,
				German,
			);
			mainGroup = 08FB7794FE84155DC02AAC07 /* SublerCLI */;
			projectDirPath = "";
			projectReferences = (
				{
					ProductGroup = A98ED34B0F59E17A00885A49 /* Products */;
					ProjectRef = A98ED34A0F59E17A00885A49 /* UniversalDetector.xcodeproj */;
				},
			);
			projectRoot = "";
			targets = (
				8DD76F960486AA7600D96B5E /* SublerCLI */,
			);
		};
/* End PBXProject section */

/* Begin PBXReferenceProxy section */
		A98ED3510F59E17A00885A49 /* UniversalDetector.framework */ = {
			isa = PBXReferenceProxy;
			fileType = wrapper.framework;
			path = UniversalDetector.framework;
			remoteRef = A98ED3500F59E17A00885A49 /* PBXContainerItemProxy */;
			sourceTree = BUILT_PRODUCTS_DIR;
		};
		A98ED3530F59E17A00885A49 /* DetectorTest */ = {
			isa = PBXReferenceProxy;
			fileType = "compiled.mach-o.executable";
			path = DetectorTest;
			remoteRef = A98ED3520F59E17A00885A49 /* PBXContainerItemProxy */;
			sourceTree = BUILT_PRODUCTS_DIR;
		};
		A98ED3550F59E17A00885A49 /* libuniversaldetector.a */ = {
			isa = PBXReferenceProxy;
			fileType = archive.ar;
			path = libuniversaldetector.a;
			remoteRef = A98ED3540F59E17A00885A49 /* PBXContainerItemProxy */;
			sourceTree = BUILT_PRODUCTS_DIR;
		};
/* End PBXReferenceProxy section */

/* Begin PBXSourcesBuildPhase section */
		8DD76F990486AA7600D96B5E /* Sources */ = {
			isa = PBXSourcesBuildPhase;
			buildActionMask = 2147483647;
			files = (
				A9D361E3180C7F2C00C6C166 /* MatroskaFile.c in Sources */,
				A9D361DF180C7F2C00C6C166 /* MP42VideoTrack.m in Sources */,
				A9D361E5180C7F2C00C6C166 /* mbs.cpp in Sources */,
				A9D361D6180C7F2C00C6C166 /* MP42Muxer.m in Sources */,
				A9D361DB180C7F2C00C6C166 /* MP42SubtitleTrack.m in Sources */,
				A9D361D0180C7F2C00C6C166 /* MP42HtmlParser.m in Sources */,
				A9D361D1180C7F2C00C6C166 /* MP42Image.m in Sources */,
				A9D361E1180C7F2C00C6C166 /* MP42XMLReader.m in Sources */,
				A9D361CA180C7F2C00C6C166 /* MP42ChapterTrack.m in Sources */,
				A9D361DA180C7F2C00C6C166 /* MP42SrtImporter.m in Sources */,
				A9D361C4180C7F2C00C6C166 /* MP42AC3Importer.m in Sources */,
				A9BAABD315D930D400A59EAB /* SBLanguages.m in Sources */,
				A9D361D7180C7F2C00C6C166 /* MP42OCRWrapper.mm in Sources */,
				A9D361DE180C7F2C00C6C166 /* MP42Utilities.m in Sources */,
				A9D361D9180C7F2C00C6C166 /* MP42Sample.m in Sources */,
				A9D361C7180C7F2C00C6C166 /* MP42AVFImporter.m in Sources */,
				A9D361D2180C7F2C00C6C166 /* MP42MediaFormat.m in Sources */,
				A9D361E4180C7F2C00C6C166 /* MatroskaParser.c in Sources */,
				A9AB487417F0B0B2000AA72E /* JSONKit.m in Sources */,
				CBE9463B12FC5350007E656A /* RegexKitLite.m in Sources */,
				A9D361C3180C7F2C00C6C166 /* MP42AACImporter.mm in Sources */,
				A9D361E6180C7F2C00C6C166 /* sfifo.c in Sources */,
				CBE9467C12FC5510007E656A /* SublerCLI.mm in Sources */,
				A9D361CB180C7F2C00C6C166 /* MP42ClosedCaptionTrack.m in Sources */,
				A9D361CF180C7F2C00C6C166 /* MP42H264Importer.mm in Sources */,
				A9D361C5180C7F2C00C6C166 /* MP42AudioConverter.m in Sources */,
				A9AEF82D167C7D6500FDDBB3 /* QTKitDecrap.m in Sources */,
				A9D361CD180C7F2C00C6C166 /* MP42File.m in Sources */,
				A9D361CE180C7F2C00C6C166 /* MP42FileImporter.m in Sources */,
				A9D361DC180C7F2C00C6C166 /* MP42SubUtilities.m in Sources */,
				A9D361E2180C7F2C00C6C166 /* downmix.c in Sources */,
				A9D361D3180C7F2C00C6C166 /* MP42Metadata.m in Sources */,
				A9D361C9180C7F2C00C6C166 /* MP42CCImporter.m in Sources */,
				A9D361DD180C7F2C00C6C166 /* MP42Track.m in Sources */,
				A9D361D8180C7F2C00C6C166 /* MP42QTImporter.m in Sources */,
				A9D361D5180C7F2C00C6C166 /* MP42Mp4Importer.m in Sources */,
				A9D361CC180C7F2C00C6C166 /* MP42Fifo.m in Sources */,
				A9D361C8180C7F2C00C6C166 /* MP42BitmapSubConverter.m in Sources */,
				A92D8CCE1761EAEC0004E0C5 /* SBRatings.m in Sources */,
				A9D361E0180C7F2C00C6C166 /* MP42VobSubImporter.m in Sources */,
				A9D361C6180C7F2C00C6C166 /* MP42AudioTrack.m in Sources */,
				A9D361D4180C7F2C00C6C166 /* MP42MkvImporter.m in Sources */,
			);
			runOnlyForDeploymentPostprocessing = 0;
		};
/* End PBXSourcesBuildPhase section */

/* Begin PBXTargetDependency section */
		A98ED3FB0F59E23E00885A49 /* PBXTargetDependency */ = {
			isa = PBXTargetDependency;
			name = universaldetector;
			targetProxy = A98ED3FA0F59E23E00885A49 /* PBXContainerItemProxy */;
		};
/* End PBXTargetDependency section */

/* Begin XCBuildConfiguration section */
		1DEB927508733DD40010E9CD /* Debug */ = {
			isa = XCBuildConfiguration;
			buildSettings = {
				ALWAYS_SEARCH_USER_PATHS = NO;
				ARCHS = "$(ARCHS_STANDARD_32_BIT)";
				COPY_PHASE_STRIP = NO;
				GCC_DYNAMIC_NO_PIC = NO;
				GCC_OPTIMIZATION_LEVEL = 0;
				GCC_PRECOMPILE_PREFIX_HEADER = YES;
				GCC_PREFIX_HEADER = SublerCLI_Prefix.pch;
				HEADER_SEARCH_PATHS = (
					"\"$(SRCROOT)/../mp4v2\"/**",
					"\"$(SRCROOT)/../Tesseract\"/**",
					"\"$(SRCROOT)/../ffmpeg\"/**",
				);
				INSTALL_PATH = /usr/local/bin;
				LIBRARY_SEARCH_PATHS = (
					"$(inherited)",
					"\"$(SRCROOT)/../mp4v2\"",
					"\"$(SRCROOT)/../Tesseract/lib\"",
					"\"$(SRCROOT)/../ffmpeg/lib\"",
				);
				MACOSX_DEPLOYMENT_TARGET = 10.6.8;
				PRODUCT_NAME = SublerCLI;
				SDKROOT = macosx;
				USER_HEADER_SEARCH_PATHS = "\"$(SRCROOT)/../mp4v2\"/** \"$(SRCROOT)/../Tesseract\"/** \"$(SRCROOT)/../ffmpeg\"/**";
			};
			name = Debug;
		};
		1DEB927608733DD40010E9CD /* Release */ = {
			isa = XCBuildConfiguration;
			buildSettings = {
				ALWAYS_SEARCH_USER_PATHS = NO;
				ARCHS = "$(ARCHS_STANDARD_32_BIT)";
				DEBUG_INFORMATION_FORMAT = "dwarf-with-dsym";
				GCC_PRECOMPILE_PREFIX_HEADER = YES;
				GCC_PREFIX_HEADER = SublerCLI_Prefix.pch;
				HEADER_SEARCH_PATHS = (
					"\"$(SRCROOT)/../mp4v2\"/**",
					"\"$(SRCROOT)/../Tesseract\"/**",
					"\"$(SRCROOT)/../ffmpeg\"/**",
				);
				INSTALL_PATH = /usr/local/bin;
				LIBRARY_SEARCH_PATHS = (
					"$(inherited)",
					"\"$(SRCROOT)/../mp4v2\"",
					"\"$(SRCROOT)/../Tesseract/lib\"",
					"\"$(SRCROOT)/../ffmpeg/lib\"",
				);
				MACOSX_DEPLOYMENT_TARGET = 10.6.8;
				PRODUCT_NAME = SublerCLI;
				SDKROOT = macosx;
				USER_HEADER_SEARCH_PATHS = "\"$(SRCROOT)/../mp4v2\"/** \"$(SRCROOT)/../Tesseract\"/** \"$(SRCROOT)/../ffmpeg\"/**";
			};
			name = Release;
		};
		1DEB927908733DD40010E9CD /* Debug */ = {
			isa = XCBuildConfiguration;
			buildSettings = {
				ARCHS = "$(ARCHS_STANDARD_32_BIT)";
				GCC_C_LANGUAGE_STANDARD = c99;
				GCC_OPTIMIZATION_LEVEL = 0;
				GCC_VERSION = com.apple.compilers.llvm.clang.1_0;
				GCC_WARN_ABOUT_RETURN_TYPE = YES;
				GCC_WARN_UNUSED_VARIABLE = YES;
				HEADER_SEARCH_PATHS = (
					"\"$(SRCROOT)/../mp4v2\"/**",
					"\"$(SRCROOT)/Tesseract\"/**",
					"\"$(SRCROOT)/ffmpeg\"/**",
				);
				LIBRARY_SEARCH_PATHS = "\"$(SRCROOT)/../mp4v2\"/**";
				MACOSX_DEPLOYMENT_TARGET = 10.6;
				ONLY_ACTIVE_ARCH = YES;
				SDKROOT = macosx10.8;
				USER_HEADER_SEARCH_PATHS = "\"$(SRCROOT)/../mp4v2\"/** \"$(SRCROOT)/Tesseract\"/** \"$(SRCROOT)/ffmpeg\"/**";
				VALID_ARCHS = "i386 x86_64";
			};
			name = Debug;
		};
		1DEB927A08733DD40010E9CD /* Release */ = {
			isa = XCBuildConfiguration;
			buildSettings = {
				ARCHS = "$(ARCHS_STANDARD_32_BIT)";
				GCC_C_LANGUAGE_STANDARD = c99;
				GCC_VERSION = com.apple.compilers.llvm.clang.1_0;
				GCC_WARN_ABOUT_RETURN_TYPE = YES;
				GCC_WARN_UNUSED_VARIABLE = YES;
				HEADER_SEARCH_PATHS = (
					"\"$(SRCROOT)/../mp4v2\"/**",
					"\"$(SRCROOT)/Tesseract\"/**",
					"\"$(SRCROOT)/ffmpeg\"/**",
				);
				LIBRARY_SEARCH_PATHS = "\"$(SRCROOT)/../mp4v2\"/**";
				MACOSX_DEPLOYMENT_TARGET = 10.6;
				SDKROOT = macosx10.8;
				USER_HEADER_SEARCH_PATHS = "\"$(SRCROOT)/../mp4v2\"/** \"$(SRCROOT)/Tesseract\"/** \"$(SRCROOT)/ffmpeg\"/**";
				VALID_ARCHS = "i386 x86_64";
			};
			name = Release;
		};
/* End XCBuildConfiguration section */

/* Begin XCConfigurationList section */
		1DEB927408733DD40010E9CD /* Build configuration list for PBXNativeTarget "SublerCLI" */ = {
			isa = XCConfigurationList;
			buildConfigurations = (
				1DEB927508733DD40010E9CD /* Debug */,
				1DEB927608733DD40010E9CD /* Release */,
			);
			defaultConfigurationIsVisible = 0;
			defaultConfigurationName = Release;
		};
		1DEB927808733DD40010E9CD /* Build configuration list for PBXProject "SublerCLI" */ = {
			isa = XCConfigurationList;
			buildConfigurations = (
				1DEB927908733DD40010E9CD /* Debug */,
				1DEB927A08733DD40010E9CD /* Release */,
			);
			defaultConfigurationIsVisible = 0;
			defaultConfigurationName = Release;
		};
/* End XCConfigurationList section */
	};
	rootObject = 08FB7793FE84155DC02AAC07 /* Project object */;
}
